// !$*UTF8*$!
{
	archiveVersion = 1;
	classes = {
	};
	objectVersion = 77;
	objects = {

/* Begin PBXBuildFile section */
		731C92EF2EA12DC500553408 /* PopSelectTimeInfoView.swift in Sources */ = {isa = PBXBuildFile; fileRef = 731C92EE2EA12DB900553408 /* PopSelectTimeInfoView.swift */; };
		73204E402EA092C20040FE1E /* AddressPickerView.swift in Sources */ = {isa = PBXBuildFile; fileRef = 73204E3F2EA092C00040FE1E /* AddressPickerView.swift */; };
		73204E422EA09CB70040FE1E /* PopSelectCityInfoView.swift in Sources */ = {isa = PBXBuildFile; fileRef = 73204E412EA09CB70040FE1E /* PopSelectCityInfoView.swift */; };
		73204E452EA0BF630040FE1E /* CommonBpViewController.swift in Sources */ = {isa = PBXBuildFile; fileRef = 73204E442EA0BF630040FE1E /* CommonBpViewController.swift */; };
		73204E472EA0C0840040FE1E /* CommonBpViewModel.swift in Sources */ = {isa = PBXBuildFile; fileRef = 73204E462EA0C0770040FE1E /* CommonBpViewModel.swift */; };
		73204E492EA0C08F0040FE1E /* CommonBpView.swift in Sources */ = {isa = PBXBuildFile; fileRef = 73204E482EA0C08F0040FE1E /* CommonBpView.swift */; };
		73204E4B2EA0CFCF0040FE1E /* CommonBpViewCell.swift in Sources */ = {isa = PBXBuildFile; fileRef = 73204E4A2EA0CFCF0040FE1E /* CommonBpViewCell.swift */; };
		73204E4D2EA0D75A0040FE1E /* PopSelectGqView.swift in Sources */ = {isa = PBXBuildFile; fileRef = 73204E4C2EA0D7590040FE1E /* PopSelectGqView.swift */; };
		73204E4F2EA0E9020040FE1E /* ContactManager.swift in Sources */ = {isa = PBXBuildFile; fileRef = 73204E4E2EA0E8FC0040FE1E /* ContactManager.swift */; };
		73204E512EA0F6DB0040FE1E /* ChangeYoungViewController.swift in Sources */ = {isa = PBXBuildFile; fileRef = 73204E502EA0F6DB0040FE1E /* ChangeYoungViewController.swift */; };
		732C1C7C2E9895830005A18F /* LoadingHUD.swift in Sources */ = {isa = PBXBuildFile; fileRef = 732C1C7B2E9895820005A18F /* LoadingHUD.swift */; };
		732C1C7E2E9898220005A18F /* Extension.swift in Sources */ = {isa = PBXBuildFile; fileRef = 732C1C7D2E9898180005A18F /* Extension.swift */; };
		732C1C802E98AEEB0005A18F /* Untitled.swift in Sources */ = {isa = PBXBuildFile; fileRef = 732C1C7F2E98AEEA0005A18F /* Untitled.swift */; };
		732C1C842E98CD8B0005A18F /* LoginView.swift in Sources */ = {isa = PBXBuildFile; fileRef = 732C1C832E98CD8B0005A18F /* LoginView.swift */; };
		732C1C862E98CFAC0005A18F /* PhoneListView.swift in Sources */ = {isa = PBXBuildFile; fileRef = 732C1C852E98CFA70005A18F /* PhoneListView.swift */; };
		732C1C882E98D6180005A18F /* LanguageManager.swift in Sources */ = {isa = PBXBuildFile; fileRef = 732C1C872E98D6170005A18F /* LanguageManager.swift */; };
		732C1C8A2E98DBC20005A18F /* PhoneCodeView.swift in Sources */ = {isa = PBXBuildFile; fileRef = 732C1C892E98DBB90005A18F /* PhoneCodeView.swift */; };
		732C1C8C2E98EB460005A18F /* CustomTabBarController.swift in Sources */ = {isa = PBXBuildFile; fileRef = 732C1C8B2E98EB460005A18F /* CustomTabBarController.swift */; };
		732C1C902E98F57B0005A18F /* OrderViewController.swift in Sources */ = {isa = PBXBuildFile; fileRef = 732C1C8F2E98F57B0005A18F /* OrderViewController.swift */; };
		732C1C922E98F5850005A18F /* HomeViewController.swift in Sources */ = {isa = PBXBuildFile; fileRef = 732C1C912E98F5850005A18F /* HomeViewController.swift */; };
		732C1C942E98F58E0005A18F /* CenterViewController.swift in Sources */ = {isa = PBXBuildFile; fileRef = 732C1C932E98F58E0005A18F /* CenterViewController.swift */; };
		732C1C962E98FCDC0005A18F /* HomeView.swift in Sources */ = {isa = PBXBuildFile; fileRef = 732C1C952E98FCDC0005A18F /* HomeView.swift */; };
		732C1C982E98FCE70005A18F /* HomeViewModel.swift in Sources */ = {isa = PBXBuildFile; fileRef = 732C1C972E98FCE10005A18F /* HomeViewModel.swift */; };
		732C1C9A2E9904200005A18F /* SmallMainView.swift in Sources */ = {isa = PBXBuildFile; fileRef = 732C1C992E9904080005A18F /* SmallMainView.swift */; };
		732CCE6A2EA61A78004C325D /* PopLeaveDownView.swift in Sources */ = {isa = PBXBuildFile; fileRef = 732CCE692EA61A65004C325D /* PopLeaveDownView.swift */; };
		732FB1A62EA3DCAE0091D35F /* DeviceInfoManager.swift in Sources */ = {isa = PBXBuildFile; fileRef = 732FB1A52EA3DCA60091D35F /* DeviceInfoManager.swift */; };
		732FB1A82EA3E1C60091D35F /* Untitleds.swift in Sources */ = {isa = PBXBuildFile; fileRef = 732FB1A72EA3E1C50091D35F /* Untitleds.swift */; };
		732FB1AA2EA3E9E00091D35F /* SmallInfo.swift in Sources */ = {isa = PBXBuildFile; fileRef = 732FB1A92EA3E9DA0091D35F /* SmallInfo.swift */; };
		735159B42EA1EF010007347F /* NetworkStatusManager.swift in Sources */ = {isa = PBXBuildFile; fileRef = 735159B32EA1EEFB0007347F /* NetworkStatusManager.swift */; };
		735159B62EA20C420007347F /* LocationManager.swift in Sources */ = {isa = PBXBuildFile; fileRef = 735159B52EA20C410007347F /* LocationManager.swift */; };
		7376564E2E9C9E990018258E /* CommonHeadView.swift in Sources */ = {isa = PBXBuildFile; fileRef = 7376564D2E9C9E990018258E /* CommonHeadView.swift */; };
		737656502E9CABF80018258E /* LogOutView.swift in Sources */ = {isa = PBXBuildFile; fileRef = 7376564F2E9CABF80018258E /* LogOutView.swift */; };
		737656522E9CC5870018258E /* DeleteAccountView.swift in Sources */ = {isa = PBXBuildFile; fileRef = 737656512E9CC5870018258E /* DeleteAccountView.swift */; };
		737656542E9CE0340018258E /* OrderListViewModel.swift in Sources */ = {isa = PBXBuildFile; fileRef = 737656532E9CE0310018258E /* OrderListViewModel.swift */; };
		737656562E9CE42D0018258E /* OrderListViewCell.swift in Sources */ = {isa = PBXBuildFile; fileRef = 737656552E9CE42D0018258E /* OrderListViewCell.swift */; };
		737656582E9CFBCE0018258E /* EmptyView.swift in Sources */ = {isa = PBXBuildFile; fileRef = 737656572E9CFBCE0018258E /* EmptyView.swift */; };
		7387D9982E9F3D3F005A5777 /* PopSelectInfoView.swift in Sources */ = {isa = PBXBuildFile; fileRef = 7387D9972E9F3D3F005A5777 /* PopSelectInfoView.swift */; };
		7387D99A2E9F4C53005A5777 /* PopSelectInfoViewCell.swift in Sources */ = {isa = PBXBuildFile; fileRef = 7387D9992E9F4C53005A5777 /* PopSelectInfoViewCell.swift */; };
		739528ED2EA11B5700232DE6 /* UnieerLifeViewController.swift in Sources */ = {isa = PBXBuildFile; fileRef = 739528EC2EA11B5700232DE6 /* UnieerLifeViewController.swift */; };
		73AF98392E979B4F006BFCCA /* AppDelegate.swift in Sources */ = {isa = PBXBuildFile; fileRef = 73AF982F2E979B4F006BFCCA /* AppDelegate.swift */; };
		73AF983C2E979B4F006BFCCA /* Assets.xcassets in Resources */ = {isa = PBXBuildFile; fileRef = 73AF98302E979B4F006BFCCA /* Assets.xcassets */; };
		73AF983E2E979B4F006BFCCA /* LaunchScreen.storyboard in Resources */ = {isa = PBXBuildFile; fileRef = 73AF98332E979B4F006BFCCA /* LaunchScreen.storyboard */; };
		73AF984E2E97A4B1006BFCCA /* Localizable.strings in Resources */ = {isa = PBXBuildFile; fileRef = 73AF984C2E97A4B1006BFCCA /* Localizable.strings */; };
		73AF98512E97A5FA006BFCCA /* BaseViewController.swift in Sources */ = {isa = PBXBuildFile; fileRef = 73AF98502E97A5F5006BFCCA /* BaseViewController.swift */; };
		73AF98532E97A6C3006BFCCA /* BaseNavigationController.swift in Sources */ = {isa = PBXBuildFile; fileRef = 73AF98522E97A6C3006BFCCA /* BaseNavigationController.swift */; };
		73AF98552E97A6EC006BFCCA /* StartViewController.swift in Sources */ = {isa = PBXBuildFile; fileRef = 73AF98542E97A6EC006BFCCA /* StartViewController.swift */; };
		73AF98582E97A73A006BFCCA /* Color.swift in Sources */ = {isa = PBXBuildFile; fileRef = 73AF98572E97A736006BFCCA /* Color.swift */; };
		73AF985D2E97A8D8006BFCCA /* LoginViewController.swift in Sources */ = {isa = PBXBuildFile; fileRef = 73AF985C2E97A8D8006BFCCA /* LoginViewController.swift */; };
		73AF985F2E97A8EF006BFCCA /* LoginViewModel.swift in Sources */ = {isa = PBXBuildFile; fileRef = 73AF985E2E97A8E5006BFCCA /* LoginViewModel.swift */; };
		73AF98612E97A9A8006BFCCA /* BaseModel.swift in Sources */ = {isa = PBXBuildFile; fileRef = 73AF98602E97A9A4006BFCCA /* BaseModel.swift */; };
		73AF98632E97ABA4006BFCCA /* NetworkManager.swift in Sources */ = {isa = PBXBuildFile; fileRef = 73AF98622E97AB9D006BFCCA /* NetworkManager.swift */; };
		73B1AD822E9D299B001590B8 /* ProductDetailViewController.swift in Sources */ = {isa = PBXBuildFile; fileRef = 73B1AD812E9D299B001590B8 /* ProductDetailViewController.swift */; };
		73B1AD842E9D3250001590B8 /* ProductViewModel.swift in Sources */ = {isa = PBXBuildFile; fileRef = 73B1AD832E9D3248001590B8 /* ProductViewModel.swift */; };
		73B1AD862E9D325C001590B8 /* ProductView.swift in Sources */ = {isa = PBXBuildFile; fileRef = 73B1AD852E9D325C001590B8 /* ProductView.swift */; };
		73B1AD882E9D4442001590B8 /* ProductCollectionViewCell.swift in Sources */ = {isa = PBXBuildFile; fileRef = 73B1AD872E9D4442001590B8 /* ProductCollectionViewCell.swift */; };
		73C8301D2EA75007001D00EB /* PopSayaView.swift in Sources */ = {isa = PBXBuildFile; fileRef = 73C8301C2EA74FEE001D00EB /* PopSayaView.swift */; };
		73D9D3032E9A420700E223C0 /* CenterListViewCell.swift in Sources */ = {isa = PBXBuildFile; fileRef = 73D9D3022E9A420700E223C0 /* CenterListViewCell.swift */; };
		73D9D3052E9A555B00E223C0 /* SchemeManager.swift in Sources */ = {isa = PBXBuildFile; fileRef = 73D9D3042E9A554800E223C0 /* SchemeManager.swift */; };
		73D9D3072E9A606500E223C0 /* SettingViewController.swift in Sources */ = {isa = PBXBuildFile; fileRef = 73D9D3062E9A606500E223C0 /* SettingViewController.swift */; };
		73E518C92EA237C800A7C478 /* ColsomeManager.swift in Sources */ = {isa = PBXBuildFile; fileRef = 73E518C82EA237BB00A7C478 /* ColsomeManager.swift */; };
		73F71AA12E99E9E300BB6091 /* SmallTwoViewCell.swift in Sources */ = {isa = PBXBuildFile; fileRef = 73F71AA02E99E9E300BB6091 /* SmallTwoViewCell.swift */; };
		73F71AA32E99EF6A00BB6091 /* SmallOneViewCell.swift in Sources */ = {isa = PBXBuildFile; fileRef = 73F71AA22E99EF6A00BB6091 /* SmallOneViewCell.swift */; };
		73F71AA52E99F47D00BB6091 /* SmallThreeViewCell.swift in Sources */ = {isa = PBXBuildFile; fileRef = 73F71AA42E99F47D00BB6091 /* SmallThreeViewCell.swift */; };
		73F71AA72E99F48700BB6091 /* SmallFourViewCell.swift in Sources */ = {isa = PBXBuildFile; fileRef = 73F71AA62E99F48700BB6091 /* SmallFourViewCell.swift */; };
		73F71AA92E99F67100BB6091 /* SmallThreeCollectionViewCell.swift in Sources */ = {isa = PBXBuildFile; fileRef = 73F71AA82E99F67100BB6091 /* SmallThreeCollectionViewCell.swift */; };
		73F71AAB2E9A030900BB6091 /* OrderListView.swift in Sources */ = {isa = PBXBuildFile; fileRef = 73F71AAA2E9A030900BB6091 /* OrderListView.swift */; };
		73F71AAD2E9A1CD600BB6091 /* CenterListView.swift in Sources */ = {isa = PBXBuildFile; fileRef = 73F71AAC2E9A1CD600BB6091 /* CenterListView.swift */; };
		73F71AAF2E9A1FB600BB6091 /* CenterListViewModel.swift in Sources */ = {isa = PBXBuildFile; fileRef = 73F71AAE2E9A1FB500BB6091 /* CenterListViewModel.swift */; };
		73FD441A2E9DF0A30075D082 /* PersonalImageViewController.swift in Sources */ = {isa = PBXBuildFile; fileRef = 73FD44192E9DF0A30075D082 /* PersonalImageViewController.swift */; };
		73FD441C2E9DF0B60075D082 /* PersonalImageView.swift in Sources */ = {isa = PBXBuildFile; fileRef = 73FD441B2E9DF0B60075D082 /* PersonalImageView.swift */; };
		73FD441E2E9DF0CB0075D082 /* PersonalImageViewModel.swift in Sources */ = {isa = PBXBuildFile; fileRef = 73FD441D2E9DF0CB0075D082 /* PersonalImageViewModel.swift */; };
		73FD44202E9E03020075D082 /* CameraManager.swift in Sources */ = {isa = PBXBuildFile; fileRef = 73FD441F2E9E03010075D082 /* CameraManager.swift */; };
		73FD44222E9E15680075D082 /* PopPersonalInfoView.swift in Sources */ = {isa = PBXBuildFile; fileRef = 73FD44212E9E15680075D082 /* PopPersonalInfoView.swift */; };
		73FD44242E9E26830075D082 /* FaceViewController.swift in Sources */ = {isa = PBXBuildFile; fileRef = 73FD44232E9E26830075D082 /* FaceViewController.swift */; };
		73FD44262E9E28C30075D082 /* FaceView.swift in Sources */ = {isa = PBXBuildFile; fileRef = 73FD44252E9E28BA0075D082 /* FaceView.swift */; };
		73FD442A2E9E29D30075D082 /* BothCompleteViewController.swift in Sources */ = {isa = PBXBuildFile; fileRef = 73FD44292E9E29D30075D082 /* BothCompleteViewController.swift */; };
		73FD442C2E9E2DAD0075D082 /* BothComleteView.swift in Sources */ = {isa = PBXBuildFile; fileRef = 73FD442B2E9E2DAA0075D082 /* BothComleteView.swift */; };
		73FD44312E9E34160075D082 /* BasicViewController.swift in Sources */ = {isa = PBXBuildFile; fileRef = 73FD44302E9E34160075D082 /* BasicViewController.swift */; };
		73FD44332E9E3E200075D082 /* BasicView.swift in Sources */ = {isa = PBXBuildFile; fileRef = 73FD44322E9E3E200075D082 /* BasicView.swift */; };
		73FD44352E9E3E290075D082 /* BasicViewModel.swift in Sources */ = {isa = PBXBuildFile; fileRef = 73FD44342E9E3E260075D082 /* BasicViewModel.swift */; };
		73FD44372E9E3EDF0075D082 /* TapClickViewCell.swift in Sources */ = {isa = PBXBuildFile; fileRef = 73FD44362E9E3EDF0075D082 /* TapClickViewCell.swift */; };
		73FD44392E9E3EF00075D082 /* EnterInputViewCell.swift in Sources */ = {isa = PBXBuildFile; fileRef = 73FD44382E9E3EF00075D082 /* EnterInputViewCell.swift */; };
		FAF4A314172EA700A19B78FE /* Pods_DanaMandiri.framework in Frameworks */ = {isa = PBXBuildFile; fileRef = 14B04719A34419DAC2CE3439 /* Pods_DanaMandiri.framework */; };
/* End PBXBuildFile section */

/* Begin PBXFileReference section */
		14B04719A34419DAC2CE3439 /* Pods_DanaMandiri.framework */ = {isa = PBXFileReference; explicitFileType = wrapper.framework; includeInIndex = 0; path = Pods_DanaMandiri.framework; sourceTree = BUILT_PRODUCTS_DIR; };
		471AFA02D171BDEEB46A6C25 /* Pods-DanaMandiri.release.xcconfig */ = {isa = PBXFileReference; includeInIndex = 1; lastKnownFileType = text.xcconfig; name = "Pods-DanaMandiri.release.xcconfig"; path = "Target Support Files/Pods-DanaMandiri/Pods-DanaMandiri.release.xcconfig"; sourceTree = "<group>"; };
		731C92EE2EA12DB900553408 /* PopSelectTimeInfoView.swift */ = {isa = PBXFileReference; lastKnownFileType = sourcecode.swift; path = PopSelectTimeInfoView.swift; sourceTree = "<group>"; };
		73204E3F2EA092C00040FE1E /* AddressPickerView.swift */ = {isa = PBXFileReference; lastKnownFileType = sourcecode.swift; path = AddressPickerView.swift; sourceTree = "<group>"; };
		73204E412EA09CB70040FE1E /* PopSelectCityInfoView.swift */ = {isa = PBXFileReference; lastKnownFileType = sourcecode.swift; path = PopSelectCityInfoView.swift; sourceTree = "<group>"; };
		73204E442EA0BF630040FE1E /* CommonBpViewController.swift */ = {isa = PBXFileReference; lastKnownFileType = sourcecode.swift; path = CommonBpViewController.swift; sourceTree = "<group>"; };
		73204E462EA0C0770040FE1E /* CommonBpViewModel.swift */ = {isa = PBXFileReference; lastKnownFileType = sourcecode.swift; path = CommonBpViewModel.swift; sourceTree = "<group>"; };
		73204E482EA0C08F0040FE1E /* CommonBpView.swift */ = {isa = PBXFileReference; lastKnownFileType = sourcecode.swift; path = CommonBpView.swift; sourceTree = "<group>"; };
		73204E4A2EA0CFCF0040FE1E /* CommonBpViewCell.swift */ = {isa = PBXFileReference; lastKnownFileType = sourcecode.swift; path = CommonBpViewCell.swift; sourceTree = "<group>"; };
		73204E4C2EA0D7590040FE1E /* PopSelectGqView.swift */ = {isa = PBXFileReference; lastKnownFileType = sourcecode.swift; path = PopSelectGqView.swift; sourceTree = "<group>"; };
		73204E4E2EA0E8FC0040FE1E /* ContactManager.swift */ = {isa = PBXFileReference; lastKnownFileType = sourcecode.swift; path = ContactManager.swift; sourceTree = "<group>"; };
		73204E502EA0F6DB0040FE1E /* ChangeYoungViewController.swift */ = {isa = PBXFileReference; lastKnownFileType = sourcecode.swift; path = ChangeYoungViewController.swift; sourceTree = "<group>"; };
		732C1C7B2E9895820005A18F /* LoadingHUD.swift */ = {isa = PBXFileReference; lastKnownFileType = sourcecode.swift; path = LoadingHUD.swift; sourceTree = "<group>"; };
		732C1C7D2E9898180005A18F /* Extension.swift */ = {isa = PBXFileReference; lastKnownFileType = sourcecode.swift; path = Extension.swift; sourceTree = "<group>"; };
		732C1C7F2E98AEEA0005A18F /* Untitled.swift */ = {isa = PBXFileReference; lastKnownFileType = sourcecode.swift; path = Untitled.swift; sourceTree = "<group>"; };
		732C1C832E98CD8B0005A18F /* LoginView.swift */ = {isa = PBXFileReference; lastKnownFileType = sourcecode.swift; path = LoginView.swift; sourceTree = "<group>"; };
		732C1C852E98CFA70005A18F /* PhoneListView.swift */ = {isa = PBXFileReference; lastKnownFileType = sourcecode.swift; path = PhoneListView.swift; sourceTree = "<group>"; };
		732C1C872E98D6170005A18F /* LanguageManager.swift */ = {isa = PBXFileReference; lastKnownFileType = sourcecode.swift; path = LanguageManager.swift; sourceTree = "<group>"; };
		732C1C892E98DBB90005A18F /* PhoneCodeView.swift */ = {isa = PBXFileReference; lastKnownFileType = sourcecode.swift; path = PhoneCodeView.swift; sourceTree = "<group>"; };
		732C1C8B2E98EB460005A18F /* CustomTabBarController.swift */ = {isa = PBXFileReference; lastKnownFileType = sourcecode.swift; path = CustomTabBarController.swift; sourceTree = "<group>"; };
		732C1C8F2E98F57B0005A18F /* OrderViewController.swift */ = {isa = PBXFileReference; lastKnownFileType = sourcecode.swift; path = OrderViewController.swift; sourceTree = "<group>"; };
		732C1C912E98F5850005A18F /* HomeViewController.swift */ = {isa = PBXFileReference; lastKnownFileType = sourcecode.swift; path = HomeViewController.swift; sourceTree = "<group>"; };
		732C1C932E98F58E0005A18F /* CenterViewController.swift */ = {isa = PBXFileReference; lastKnownFileType = sourcecode.swift; path = CenterViewController.swift; sourceTree = "<group>"; };
		732C1C952E98FCDC0005A18F /* HomeView.swift */ = {isa = PBXFileReference; lastKnownFileType = sourcecode.swift; path = HomeView.swift; sourceTree = "<group>"; };
		732C1C972E98FCE10005A18F /* HomeViewModel.swift */ = {isa = PBXFileReference; lastKnownFileType = sourcecode.swift; path = HomeViewModel.swift; sourceTree = "<group>"; };
		732C1C992E9904080005A18F /* SmallMainView.swift */ = {isa = PBXFileReference; lastKnownFileType = sourcecode.swift; path = SmallMainView.swift; sourceTree = "<group>"; };
		732CCE692EA61A65004C325D /* PopLeaveDownView.swift */ = {isa = PBXFileReference; lastKnownFileType = sourcecode.swift; path = PopLeaveDownView.swift; sourceTree = "<group>"; };
		732FB1A52EA3DCA60091D35F /* DeviceInfoManager.swift */ = {isa = PBXFileReference; lastKnownFileType = sourcecode.swift; path = DeviceInfoManager.swift; sourceTree = "<group>"; };
		732FB1A72EA3E1C50091D35F /* Untitleds.swift */ = {isa = PBXFileReference; lastKnownFileType = sourcecode.swift; path = Untitleds.swift; sourceTree = "<group>"; };
		732FB1A92EA3E9DA0091D35F /* SmallInfo.swift */ = {isa = PBXFileReference; lastKnownFileType = sourcecode.swift; path = SmallInfo.swift; sourceTree = "<group>"; };
		735159B32EA1EEFB0007347F /* NetworkStatusManager.swift */ = {isa = PBXFileReference; lastKnownFileType = sourcecode.swift; path = NetworkStatusManager.swift; sourceTree = "<group>"; };
		735159B52EA20C410007347F /* LocationManager.swift */ = {isa = PBXFileReference; lastKnownFileType = sourcecode.swift; path = LocationManager.swift; sourceTree = "<group>"; };
		7376564D2E9C9E990018258E /* CommonHeadView.swift */ = {isa = PBXFileReference; lastKnownFileType = sourcecode.swift; path = CommonHeadView.swift; sourceTree = "<group>"; };
		7376564F2E9CABF80018258E /* LogOutView.swift */ = {isa = PBXFileReference; lastKnownFileType = sourcecode.swift; path = LogOutView.swift; sourceTree = "<group>"; };
		737656512E9CC5870018258E /* DeleteAccountView.swift */ = {isa = PBXFileReference; lastKnownFileType = sourcecode.swift; path = DeleteAccountView.swift; sourceTree = "<group>"; };
		737656532E9CE0310018258E /* OrderListViewModel.swift */ = {isa = PBXFileReference; lastKnownFileType = sourcecode.swift; path = OrderListViewModel.swift; sourceTree = "<group>"; };
		737656552E9CE42D0018258E /* OrderListViewCell.swift */ = {isa = PBXFileReference; lastKnownFileType = sourcecode.swift; path = OrderListViewCell.swift; sourceTree = "<group>"; };
		737656572E9CFBCE0018258E /* EmptyView.swift */ = {isa = PBXFileReference; lastKnownFileType = sourcecode.swift; path = EmptyView.swift; sourceTree = "<group>"; };
		7387D9972E9F3D3F005A5777 /* PopSelectInfoView.swift */ = {isa = PBXFileReference; lastKnownFileType = sourcecode.swift; path = PopSelectInfoView.swift; sourceTree = "<group>"; };
		7387D9992E9F4C53005A5777 /* PopSelectInfoViewCell.swift */ = {isa = PBXFileReference; lastKnownFileType = sourcecode.swift; path = PopSelectInfoViewCell.swift; sourceTree = "<group>"; };
		739528EC2EA11B5700232DE6 /* UnieerLifeViewController.swift */ = {isa = PBXFileReference; lastKnownFileType = sourcecode.swift; path = UnieerLifeViewController.swift; sourceTree = "<group>"; };
		73AF98172E979B47006BFCCA /* DanaMandiri.app */ = {isa = PBXFileReference; explicitFileType = wrapper.application; includeInIndex = 0; path = DanaMandiri.app; sourceTree = BUILT_PRODUCTS_DIR; };
		73AF982F2E979B4F006BFCCA /* AppDelegate.swift */ = {isa = PBXFileReference; lastKnownFileType = sourcecode.swift; path = AppDelegate.swift; sourceTree = "<group>"; };
		73AF98302E979B4F006BFCCA /* Assets.xcassets */ = {isa = PBXFileReference; lastKnownFileType = folder.assetcatalog; path = Assets.xcassets; sourceTree = "<group>"; };
		73AF98312E979B4F006BFCCA /* Info.plist */ = {isa = PBXFileReference; lastKnownFileType = text.plist.xml; path = Info.plist; sourceTree = "<group>"; };
		73AF98322E979B4F006BFCCA /* Base */ = {isa = PBXFileReference; lastKnownFileType = file.storyboard; name = Base; path = Base.lproj/LaunchScreen.storyboard; sourceTree = "<group>"; };
		73AF98402E979B7F006BFCCA /* DanaMandiri.entitlements */ = {isa = PBXFileReference; lastKnownFileType = text.plist.entitlements; path = DanaMandiri.entitlements; sourceTree = "<group>"; };
		73AF98472E97A38F006BFCCA /* id */ = {isa = PBXFileReference; lastKnownFileType = text.plist.strings; name = id; path = id.lproj/LaunchScreen.strings; sourceTree = "<group>"; };
		73AF984D2E97A4B1006BFCCA /* en */ = {isa = PBXFileReference; lastKnownFileType = text.plist.strings; name = en; path = en.lproj/Localizable.strings; sourceTree = "<group>"; };
		73AF984F2E97A538006BFCCA /* id */ = {isa = PBXFileReference; lastKnownFileType = text.plist.strings; name = id; path = id.lproj/Localizable.strings; sourceTree = "<group>"; };
		73AF98502E97A5F5006BFCCA /* BaseViewController.swift */ = {isa = PBXFileReference; lastKnownFileType = sourcecode.swift; path = BaseViewController.swift; sourceTree = "<group>"; };
		73AF98522E97A6C3006BFCCA /* BaseNavigationController.swift */ = {isa = PBXFileReference; lastKnownFileType = sourcecode.swift; path = BaseNavigationController.swift; sourceTree = "<group>"; };
		73AF98542E97A6EC006BFCCA /* StartViewController.swift */ = {isa = PBXFileReference; lastKnownFileType = sourcecode.swift; path = StartViewController.swift; sourceTree = "<group>"; };
		73AF98572E97A736006BFCCA /* Color.swift */ = {isa = PBXFileReference; lastKnownFileType = sourcecode.swift; path = Color.swift; sourceTree = "<group>"; };
		73AF985C2E97A8D8006BFCCA /* LoginViewController.swift */ = {isa = PBXFileReference; lastKnownFileType = sourcecode.swift; path = LoginViewController.swift; sourceTree = "<group>"; };
		73AF985E2E97A8E5006BFCCA /* LoginViewModel.swift */ = {isa = PBXFileReference; lastKnownFileType = sourcecode.swift; path = LoginViewModel.swift; sourceTree = "<group>"; };
		73AF98602E97A9A4006BFCCA /* BaseModel.swift */ = {isa = PBXFileReference; lastKnownFileType = sourcecode.swift; path = BaseModel.swift; sourceTree = "<group>"; };
		73AF98622E97AB9D006BFCCA /* NetworkManager.swift */ = {isa = PBXFileReference; lastKnownFileType = sourcecode.swift; path = NetworkManager.swift; sourceTree = "<group>"; };
		73B1AD812E9D299B001590B8 /* ProductDetailViewController.swift */ = {isa = PBXFileReference; lastKnownFileType = sourcecode.swift; path = ProductDetailViewController.swift; sourceTree = "<group>"; };
		73B1AD832E9D3248001590B8 /* ProductViewModel.swift */ = {isa = PBXFileReference; lastKnownFileType = sourcecode.swift; path = ProductViewModel.swift; sourceTree = "<group>"; };
		73B1AD852E9D325C001590B8 /* ProductView.swift */ = {isa = PBXFileReference; lastKnownFileType = sourcecode.swift; path = ProductView.swift; sourceTree = "<group>"; };
		73B1AD872E9D4442001590B8 /* ProductCollectionViewCell.swift */ = {isa = PBXFileReference; lastKnownFileType = sourcecode.swift; path = ProductCollectionViewCell.swift; sourceTree = "<group>"; };
		73C8301C2EA74FEE001D00EB /* PopSayaView.swift */ = {isa = PBXFileReference; lastKnownFileType = sourcecode.swift; path = PopSayaView.swift; sourceTree = "<group>"; };
		73D9D3022E9A420700E223C0 /* CenterListViewCell.swift */ = {isa = PBXFileReference; lastKnownFileType = sourcecode.swift; path = CenterListViewCell.swift; sourceTree = "<group>"; };
		73D9D3042E9A554800E223C0 /* SchemeManager.swift */ = {isa = PBXFileReference; lastKnownFileType = sourcecode.swift; path = SchemeManager.swift; sourceTree = "<group>"; };
		73D9D3062E9A606500E223C0 /* SettingViewController.swift */ = {isa = PBXFileReference; lastKnownFileType = sourcecode.swift; path = SettingViewController.swift; sourceTree = "<group>"; };
		73E518C82EA237BB00A7C478 /* ColsomeManager.swift */ = {isa = PBXFileReference; lastKnownFileType = sourcecode.swift; path = ColsomeManager.swift; sourceTree = "<group>"; };
		73F71AA02E99E9E300BB6091 /* SmallTwoViewCell.swift */ = {isa = PBXFileReference; lastKnownFileType = sourcecode.swift; path = SmallTwoViewCell.swift; sourceTree = "<group>"; };
		73F71AA22E99EF6A00BB6091 /* SmallOneViewCell.swift */ = {isa = PBXFileReference; lastKnownFileType = sourcecode.swift; path = SmallOneViewCell.swift; sourceTree = "<group>"; };
		73F71AA42E99F47D00BB6091 /* SmallThreeViewCell.swift */ = {isa = PBXFileReference; lastKnownFileType = sourcecode.swift; path = SmallThreeViewCell.swift; sourceTree = "<group>"; };
		73F71AA62E99F48700BB6091 /* SmallFourViewCell.swift */ = {isa = PBXFileReference; lastKnownFileType = sourcecode.swift; path = SmallFourViewCell.swift; sourceTree = "<group>"; };
		73F71AA82E99F67100BB6091 /* SmallThreeCollectionViewCell.swift */ = {isa = PBXFileReference; lastKnownFileType = sourcecode.swift; path = SmallThreeCollectionViewCell.swift; sourceTree = "<group>"; };
		73F71AAA2E9A030900BB6091 /* OrderListView.swift */ = {isa = PBXFileReference; lastKnownFileType = sourcecode.swift; path = OrderListView.swift; sourceTree = "<group>"; };
		73F71AAC2E9A1CD600BB6091 /* CenterListView.swift */ = {isa = PBXFileReference; lastKnownFileType = sourcecode.swift; path = CenterListView.swift; sourceTree = "<group>"; };
		73F71AAE2E9A1FB500BB6091 /* CenterListViewModel.swift */ = {isa = PBXFileReference; lastKnownFileType = sourcecode.swift; path = CenterListViewModel.swift; sourceTree = "<group>"; };
		73FD44192E9DF0A30075D082 /* PersonalImageViewController.swift */ = {isa = PBXFileReference; lastKnownFileType = sourcecode.swift; path = PersonalImageViewController.swift; sourceTree = "<group>"; };
		73FD441B2E9DF0B60075D082 /* PersonalImageView.swift */ = {isa = PBXFileReference; lastKnownFileType = sourcecode.swift; path = PersonalImageView.swift; sourceTree = "<group>"; };
		73FD441D2E9DF0CB0075D082 /* PersonalImageViewModel.swift */ = {isa = PBXFileReference; lastKnownFileType = sourcecode.swift; path = PersonalImageViewModel.swift; sourceTree = "<group>"; };
		73FD441F2E9E03010075D082 /* CameraManager.swift */ = {isa = PBXFileReference; lastKnownFileType = sourcecode.swift; path = CameraManager.swift; sourceTree = "<group>"; };
		73FD44212E9E15680075D082 /* PopPersonalInfoView.swift */ = {isa = PBXFileReference; lastKnownFileType = sourcecode.swift; path = PopPersonalInfoView.swift; sourceTree = "<group>"; };
		73FD44232E9E26830075D082 /* FaceViewController.swift */ = {isa = PBXFileReference; lastKnownFileType = sourcecode.swift; path = FaceViewController.swift; sourceTree = "<group>"; };
		73FD44252E9E28BA0075D082 /* FaceView.swift */ = {isa = PBXFileReference; lastKnownFileType = sourcecode.swift; path = FaceView.swift; sourceTree = "<group>"; };
		73FD44292E9E29D30075D082 /* BothCompleteViewController.swift */ = {isa = PBXFileReference; lastKnownFileType = sourcecode.swift; path = BothCompleteViewController.swift; sourceTree = "<group>"; };
		73FD442B2E9E2DAA0075D082 /* BothComleteView.swift */ = {isa = PBXFileReference; lastKnownFileType = sourcecode.swift; path = BothComleteView.swift; sourceTree = "<group>"; };
		73FD44302E9E34160075D082 /* BasicViewController.swift */ = {isa = PBXFileReference; lastKnownFileType = sourcecode.swift; path = BasicViewController.swift; sourceTree = "<group>"; };
		73FD44322E9E3E200075D082 /* BasicView.swift */ = {isa = PBXFileReference; lastKnownFileType = sourcecode.swift; path = BasicView.swift; sourceTree = "<group>"; };
		73FD44342E9E3E260075D082 /* BasicViewModel.swift */ = {isa = PBXFileReference; lastKnownFileType = sourcecode.swift; path = BasicViewModel.swift; sourceTree = "<group>"; };
		73FD44362E9E3EDF0075D082 /* TapClickViewCell.swift */ = {isa = PBXFileReference; lastKnownFileType = sourcecode.swift; path = TapClickViewCell.swift; sourceTree = "<group>"; };
		73FD44382E9E3EF00075D082 /* EnterInputViewCell.swift */ = {isa = PBXFileReference; lastKnownFileType = sourcecode.swift; path = EnterInputViewCell.swift; sourceTree = "<group>"; };
		D506D2406C71CC1BED782247 /* Pods-DanaMandiri.debug.xcconfig */ = {isa = PBXFileReference; includeInIndex = 1; lastKnownFileType = text.xcconfig; name = "Pods-DanaMandiri.debug.xcconfig"; path = "Target Support Files/Pods-DanaMandiri/Pods-DanaMandiri.debug.xcconfig"; sourceTree = "<group>"; };
/* End PBXFileReference section */

/* Begin PBXFrameworksBuildPhase section */
		73AF98142E979B47006BFCCA /* Frameworks */ = {
			isa = PBXFrameworksBuildPhase;
			buildActionMask = 2147483647;
			files = (
				FAF4A314172EA700A19B78FE /* Pods_DanaMandiri.framework in Frameworks */,
			);
			runOnlyForDeploymentPostprocessing = 0;
		};
/* End PBXFrameworksBuildPhase section */

/* Begin PBXGroup section */
		735159B22EA1EEE90007347F /* Https */ = {
			isa = PBXGroup;
			children = (
				732FB1A92EA3E9DA0091D35F /* SmallInfo.swift */,
				732FB1A72EA3E1C50091D35F /* Untitleds.swift */,
				732FB1A52EA3DCA60091D35F /* DeviceInfoManager.swift */,
				73E518C82EA237BB00A7C478 /* ColsomeManager.swift */,
				735159B52EA20C410007347F /* LocationManager.swift */,
				735159B32EA1EEFB0007347F /* NetworkStatusManager.swift */,
			);
			path = Https;
			sourceTree = "<group>";
		};
		73AF980E2E979B47006BFCCA = {
			isa = PBXGroup;
			children = (
				73AF98382E979B4F006BFCCA /* DanaMandiri */,
				73AF98182E979B47006BFCCA /* Products */,
				B9F7DF6E094AA7317D1E26B8 /* Pods */,
				95C0CE5AC4F98B0FD974E43C /* Frameworks */,
			);
			sourceTree = "<group>";
		};
		73AF98182E979B47006BFCCA /* Products */ = {
			isa = PBXGroup;
			children = (
				73AF98172E979B47006BFCCA /* DanaMandiri.app */,
			);
			name = Products;
			sourceTree = "<group>";
		};
		73AF98382E979B4F006BFCCA /* DanaMandiri */ = {
			isa = PBXGroup;
			children = (
				73AF98312E979B4F006BFCCA /* Info.plist */,
				73AF98302E979B4F006BFCCA /* Assets.xcassets */,
				73AF984C2E97A4B1006BFCCA /* Localizable.strings */,
				73AF98402E979B7F006BFCCA /* DanaMandiri.entitlements */,
				73AF982F2E979B4F006BFCCA /* AppDelegate.swift */,
				73AF98332E979B4F006BFCCA /* LaunchScreen.storyboard */,
				73AF98562E97A72C006BFCCA /* Utilities */,
				735159B22EA1EEE90007347F /* Https */,
				73AF98592E97A814006BFCCA /* Networking */,
				73B1AD802E9D2977001590B8 /* Product */,
				73AF98462E97A119006BFCCA /* Login */,
				73AF98442E979E1D006BFCCA /* Order */,
				73AF98432E979E14006BFCCA /* Home */,
				73AF98422E979E11006BFCCA /* Center */,
				73AF98412E979DEF006BFCCA /* Base */,
			);
			path = DanaMandiri;
			sourceTree = "<group>";
		};
		73AF98412E979DEF006BFCCA /* Base */ = {
			isa = PBXGroup;
			children = (
				73AF98502E97A5F5006BFCCA /* BaseViewController.swift */,
				73AF98542E97A6EC006BFCCA /* StartViewController.swift */,
				73AF98522E97A6C3006BFCCA /* BaseNavigationController.swift */,
				732C1C8B2E98EB460005A18F /* CustomTabBarController.swift */,
			);
			path = Base;
			sourceTree = "<group>";
		};
		73AF98422E979E11006BFCCA /* Center */ = {
			isa = PBXGroup;
			children = (
				73F71AAC2E9A1CD600BB6091 /* CenterListView.swift */,
				73F71AAE2E9A1FB500BB6091 /* CenterListViewModel.swift */,
				732C1C932E98F58E0005A18F /* CenterViewController.swift */,
				73D9D3022E9A420700E223C0 /* CenterListViewCell.swift */,
				73D9D3062E9A606500E223C0 /* SettingViewController.swift */,
			);
			path = Center;
			sourceTree = "<group>";
		};
		73AF98432E979E14006BFCCA /* Home */ = {
			isa = PBXGroup;
			children = (
				73C8301C2EA74FEE001D00EB /* PopSayaView.swift */,
				732C1C952E98FCDC0005A18F /* HomeView.swift */,
				732C1C992E9904080005A18F /* SmallMainView.swift */,
				732C1C972E98FCE10005A18F /* HomeViewModel.swift */,
				732C1C912E98F5850005A18F /* HomeViewController.swift */,
				73F71AA22E99EF6A00BB6091 /* SmallOneViewCell.swift */,
				73F71AA02E99E9E300BB6091 /* SmallTwoViewCell.swift */,
				73F71AA42E99F47D00BB6091 /* SmallThreeViewCell.swift */,
				73F71AA82E99F67100BB6091 /* SmallThreeCollectionViewCell.swift */,
				73F71AA62E99F48700BB6091 /* SmallFourViewCell.swift */,
			);
			path = Home;
			sourceTree = "<group>";
		};
		73AF98442E979E1D006BFCCA /* Order */ = {
			isa = PBXGroup;
			children = (
				73F71AAA2E9A030900BB6091 /* OrderListView.swift */,
				737656552E9CE42D0018258E /* OrderListViewCell.swift */,
				737656532E9CE0310018258E /* OrderListViewModel.swift */,
				732C1C8F2E98F57B0005A18F /* OrderViewController.swift */,
			);
			path = Order;
			sourceTree = "<group>";
		};
		73AF98462E97A119006BFCCA /* Login */ = {
			isa = PBXGroup;
			children = (
				73AF985B2E97A8AE006BFCCA /* Controller */,
				73AF985A2E97A8A2006BFCCA /* ViewModel */,
			);
			path = Login;
			sourceTree = "<group>";
		};
		73AF98562E97A72C006BFCCA /* Utilities */ = {
			isa = PBXGroup;
			children = (
				732CCE692EA61A65004C325D /* PopLeaveDownView.swift */,
				73D9D3042E9A554800E223C0 /* SchemeManager.swift */,
				732C1C872E98D6170005A18F /* LanguageManager.swift */,
				732C1C7F2E98AEEA0005A18F /* Untitled.swift */,
				73AF98572E97A736006BFCCA /* Color.swift */,
				732C1C7D2E9898180005A18F /* Extension.swift */,
				732C1C7B2E9895820005A18F /* LoadingHUD.swift */,
				7376564D2E9C9E990018258E /* CommonHeadView.swift */,
				7376564F2E9CABF80018258E /* LogOutView.swift */,
				737656512E9CC5870018258E /* DeleteAccountView.swift */,
				737656572E9CFBCE0018258E /* EmptyView.swift */,
			);
			path = Utilities;
			sourceTree = "<group>";
		};
		73AF98592E97A814006BFCCA /* Networking */ = {
			isa = PBXGroup;
			children = (
				73AF98602E97A9A4006BFCCA /* BaseModel.swift */,
				73AF98622E97AB9D006BFCCA /* NetworkManager.swift */,
			);
			path = Networking;
			sourceTree = "<group>";
		};
		73AF985A2E97A8A2006BFCCA /* ViewModel */ = {
			isa = PBXGroup;
			children = (
				732C1C832E98CD8B0005A18F /* LoginView.swift */,
				732C1C852E98CFA70005A18F /* PhoneListView.swift */,
				732C1C892E98DBB90005A18F /* PhoneCodeView.swift */,
				73AF985E2E97A8E5006BFCCA /* LoginViewModel.swift */,
			);
			path = ViewModel;
			sourceTree = "<group>";
		};
		73AF985B2E97A8AE006BFCCA /* Controller */ = {
			isa = PBXGroup;
			children = (
				73AF985C2E97A8D8006BFCCA /* LoginViewController.swift */,
			);
			path = Controller;
			sourceTree = "<group>";
		};
		73B1AD802E9D2977001590B8 /* Product */ = {
			isa = PBXGroup;
			children = (
				73FD44172E9DF0780075D082 /* One */,
				73FD44182E9DF0840075D082 /* Two */,
				73FD442D2E9E33D50075D082 /* Three */,
				73FD442E2E9E33DD0075D082 /* Four */,
				73FD442F2E9E33E30075D082 /* Five */,
			);
			path = Product;
			sourceTree = "<group>";
		};
		73FD44172E9DF0780075D082 /* One */ = {
			isa = PBXGroup;
			children = (
				73B1AD852E9D325C001590B8 /* ProductView.swift */,
				73B1AD832E9D3248001590B8 /* ProductViewModel.swift */,
				73B1AD812E9D299B001590B8 /* ProductDetailViewController.swift */,
				73B1AD872E9D4442001590B8 /* ProductCollectionViewCell.swift */,
			);
			path = One;
			sourceTree = "<group>";
		};
		73FD44182E9DF0840075D082 /* Two */ = {
			isa = PBXGroup;
			children = (
				731C92EE2EA12DB900553408 /* PopSelectTimeInfoView.swift */,
				73FD441F2E9E03010075D082 /* CameraManager.swift */,
				73FD441B2E9DF0B60075D082 /* PersonalImageView.swift */,
				73FD441D2E9DF0CB0075D082 /* PersonalImageViewModel.swift */,
				73FD44192E9DF0A30075D082 /* PersonalImageViewController.swift */,
				73FD44212E9E15680075D082 /* PopPersonalInfoView.swift */,
				73FD44252E9E28BA0075D082 /* FaceView.swift */,
				73FD44232E9E26830075D082 /* FaceViewController.swift */,
				73FD442B2E9E2DAA0075D082 /* BothComleteView.swift */,
				73FD44292E9E29D30075D082 /* BothCompleteViewController.swift */,
			);
			path = Two;
			sourceTree = "<group>";
		};
		73FD442D2E9E33D50075D082 /* Three */ = {
			isa = PBXGroup;
			children = (
				73FD44322E9E3E200075D082 /* BasicView.swift */,
				73FD44342E9E3E260075D082 /* BasicViewModel.swift */,
				73FD44302E9E34160075D082 /* BasicViewController.swift */,
				73FD44362E9E3EDF0075D082 /* TapClickViewCell.swift */,
				73FD44382E9E3EF00075D082 /* EnterInputViewCell.swift */,
				7387D9972E9F3D3F005A5777 /* PopSelectInfoView.swift */,
				7387D9992E9F4C53005A5777 /* PopSelectInfoViewCell.swift */,
				73204E3F2EA092C00040FE1E /* AddressPickerView.swift */,
				73204E412EA09CB70040FE1E /* PopSelectCityInfoView.swift */,
			);
			path = Three;
			sourceTree = "<group>";
		};
		73FD442E2E9E33DD0075D082 /* Four */ = {
			isa = PBXGroup;
			children = (
				73204E4E2EA0E8FC0040FE1E /* ContactManager.swift */,
				73204E482EA0C08F0040FE1E /* CommonBpView.swift */,
				73204E462EA0C0770040FE1E /* CommonBpViewModel.swift */,
				73204E442EA0BF630040FE1E /* CommonBpViewController.swift */,
				73204E4A2EA0CFCF0040FE1E /* CommonBpViewCell.swift */,
				73204E4C2EA0D7590040FE1E /* PopSelectGqView.swift */,
			);
			path = Four;
			sourceTree = "<group>";
		};
		73FD442F2E9E33E30075D082 /* Five */ = {
			isa = PBXGroup;
			children = (
				73204E502EA0F6DB0040FE1E /* ChangeYoungViewController.swift */,
				739528EC2EA11B5700232DE6 /* UnieerLifeViewController.swift */,
			);
			path = Five;
			sourceTree = "<group>";
		};
		95C0CE5AC4F98B0FD974E43C /* Frameworks */ = {
			isa = PBXGroup;
			children = (
				14B04719A34419DAC2CE3439 /* Pods_DanaMandiri.framework */,
			);
			name = Frameworks;
			sourceTree = "<group>";
		};
		B9F7DF6E094AA7317D1E26B8 /* Pods */ = {
			isa = PBXGroup;
			children = (
				D506D2406C71CC1BED782247 /* Pods-DanaMandiri.debug.xcconfig */,
				471AFA02D171BDEEB46A6C25 /* Pods-DanaMandiri.release.xcconfig */,
			);
			path = Pods;
			sourceTree = "<group>";
		};
/* End PBXGroup section */

/* Begin PBXNativeTarget section */
		73AF98162E979B47006BFCCA /* DanaMandiri */ = {
			isa = PBXNativeTarget;
			buildConfigurationList = 73AF982A2E979B49006BFCCA /* Build configuration list for PBXNativeTarget "DanaMandiri" */;
			buildPhases = (
				7A951000F05CCE9D1E89566D /* [CP] Check Pods Manifest.lock */,
				73AF98132E979B47006BFCCA /* Sources */,
				73AF98142E979B47006BFCCA /* Frameworks */,
				73AF98152E979B47006BFCCA /* Resources */,
				7B63C66F73D480AE1D8F504F /* [CP] Embed Pods Frameworks */,
			);
			buildRules = (
			);
			dependencies = (
			);
			name = DanaMandiri;
			productName = DanaMandiri;
			productReference = 73AF98172E979B47006BFCCA /* DanaMandiri.app */;
			productType = "com.apple.product-type.application";
		};
/* End PBXNativeTarget section */

/* Begin PBXProject section */
		73AF980F2E979B47006BFCCA /* Project object */ = {
			isa = PBXProject;
			attributes = {
				BuildIndependentTargetsInParallel = 1;
				LastSwiftUpdateCheck = 2600;
				LastUpgradeCheck = 2600;
				TargetAttributes = {
					73AF98162E979B47006BFCCA = {
						CreatedOnToolsVersion = 26.0.1;
					};
				};
			};
			buildConfigurationList = 73AF98122E979B47006BFCCA /* Build configuration list for PBXProject "DanaMandiri" */;
			developmentRegion = en;
			hasScannedForEncodings = 0;
			knownRegions = (
				en,
				Base,
				id,
			);
			mainGroup = 73AF980E2E979B47006BFCCA;
			minimizedProjectReferenceProxies = 1;
			preferredProjectObjectVersion = 77;
			productRefGroup = 73AF98182E979B47006BFCCA /* Products */;
			projectDirPath = "";
			projectRoot = "";
			targets = (
				73AF98162E979B47006BFCCA /* DanaMandiri */,
			);
		};
/* End PBXProject section */

/* Begin PBXResourcesBuildPhase section */
		73AF98152E979B47006BFCCA /* Resources */ = {
			isa = PBXResourcesBuildPhase;
			buildActionMask = 2147483647;
			files = (
				73AF983C2E979B4F006BFCCA /* Assets.xcassets in Resources */,
				73AF984E2E97A4B1006BFCCA /* Localizable.strings in Resources */,
				73AF983E2E979B4F006BFCCA /* LaunchScreen.storyboard in Resources */,
			);
			runOnlyForDeploymentPostprocessing = 0;
		};
/* End PBXResourcesBuildPhase section */

/* Begin PBXShellScriptBuildPhase section */
		7A951000F05CCE9D1E89566D /* [CP] Check Pods Manifest.lock */ = {
			isa = PBXShellScriptBuildPhase;
			buildActionMask = 2147483647;
			files = (
			);
			inputFileListPaths = (
			);
			inputPaths = (
				"${PODS_PODFILE_DIR_PATH}/Podfile.lock",
				"${PODS_ROOT}/Manifest.lock",
			);
			name = "[CP] Check Pods Manifest.lock";
			outputFileListPaths = (
			);
			outputPaths = (
				"$(DERIVED_FILE_DIR)/Pods-DanaMandiri-checkManifestLockResult.txt",
			);
			runOnlyForDeploymentPostprocessing = 0;
			shellPath = /bin/sh;
			shellScript = "diff \"${PODS_PODFILE_DIR_PATH}/Podfile.lock\" \"${PODS_ROOT}/Manifest.lock\" > /dev/null\nif [ $? != 0 ] ; then\n    # print error to STDERR\n    echo \"error: The sandbox is not in sync with the Podfile.lock. Run 'pod install' or update your CocoaPods installation.\" >&2\n    exit 1\nfi\n# This output is used by Xcode 'outputs' to avoid re-running this script phase.\necho \"SUCCESS\" > \"${SCRIPT_OUTPUT_FILE_0}\"\n";
			showEnvVarsInLog = 0;
		};
		7B63C66F73D480AE1D8F504F /* [CP] Embed Pods Frameworks */ = {
			isa = PBXShellScriptBuildPhase;
			buildActionMask = 2147483647;
			files = (
			);
			inputFileListPaths = (
				"${PODS_ROOT}/Target Support Files/Pods-DanaMandiri/Pods-DanaMandiri-frameworks-${CONFIGURATION}-input-files.xcfilelist",
			);
			inputPaths = (
			);
			name = "[CP] Embed Pods Frameworks";
			outputFileListPaths = (
				"${PODS_ROOT}/Target Support Files/Pods-DanaMandiri/Pods-DanaMandiri-frameworks-${CONFIGURATION}-output-files.xcfilelist",
			);
			outputPaths = (
			);
			runOnlyForDeploymentPostprocessing = 0;
			shellPath = /bin/sh;
			shellScript = "\"${PODS_ROOT}/Target Support Files/Pods-DanaMandiri/Pods-DanaMandiri-frameworks.sh\"\n";
			showEnvVarsInLog = 0;
		};
/* End PBXShellScriptBuildPhase section */

/* Begin PBXSourcesBuildPhase section */
		73AF98132E979B47006BFCCA /* Sources */ = {
			isa = PBXSourcesBuildPhase;
			buildActionMask = 2147483647;
			files = (
				73F71AA72E99F48700BB6091 /* SmallFourViewCell.swift in Sources */,
				73AF985D2E97A8D8006BFCCA /* LoginViewController.swift in Sources */,
				73FD442C2E9E2DAD0075D082 /* BothComleteView.swift in Sources */,
				73C8301D2EA75007001D00EB /* PopSayaView.swift in Sources */,
				73FD44262E9E28C30075D082 /* FaceView.swift in Sources */,
				731C92EF2EA12DC500553408 /* PopSelectTimeInfoView.swift in Sources */,
				73B1AD882E9D4442001590B8 /* ProductCollectionViewCell.swift in Sources */,
				732C1C982E98FCE70005A18F /* HomeViewModel.swift in Sources */,
				732FB1A62EA3DCAE0091D35F /* DeviceInfoManager.swift in Sources */,
				73D9D3052E9A555B00E223C0 /* SchemeManager.swift in Sources */,
				73F71AAB2E9A030900BB6091 /* OrderListView.swift in Sources */,
				73D9D3072E9A606500E223C0 /* SettingViewController.swift in Sources */,
				73FD442A2E9E29D30075D082 /* BothCompleteViewController.swift in Sources */,
				73FD44392E9E3EF00075D082 /* EnterInputViewCell.swift in Sources */,
				73204E4D2EA0D75A0040FE1E /* PopSelectGqView.swift in Sources */,
				73AF98512E97A5FA006BFCCA /* BaseViewController.swift in Sources */,
				735159B42EA1EF010007347F /* NetworkStatusManager.swift in Sources */,
				73F71AA52E99F47D00BB6091 /* SmallThreeViewCell.swift in Sources */,
				73204E4F2EA0E9020040FE1E /* ContactManager.swift in Sources */,
				732C1C922E98F5850005A18F /* HomeViewController.swift in Sources */,
				73FD44372E9E3EDF0075D082 /* TapClickViewCell.swift in Sources */,
				73AF98552E97A6EC006BFCCA /* StartViewController.swift in Sources */,
				73AF98532E97A6C3006BFCCA /* BaseNavigationController.swift in Sources */,
				732C1C7E2E9898220005A18F /* Extension.swift in Sources */,
				732C1C7C2E9895830005A18F /* LoadingHUD.swift in Sources */,
				73D9D3032E9A420700E223C0 /* CenterListViewCell.swift in Sources */,
				73B1AD842E9D3250001590B8 /* ProductViewModel.swift in Sources */,
				732FB1A82EA3E1C60091D35F /* Untitleds.swift in Sources */,
				73F71AA32E99EF6A00BB6091 /* SmallOneViewCell.swift in Sources */,
				73B1AD862E9D325C001590B8 /* ProductView.swift in Sources */,
				737656542E9CE0340018258E /* OrderListViewModel.swift in Sources */,
				732C1C802E98AEEB0005A18F /* Untitled.swift in Sources */,
				73204E472EA0C0840040FE1E /* CommonBpViewModel.swift in Sources */,
				73AF98632E97ABA4006BFCCA /* NetworkManager.swift in Sources */,
				732C1C942E98F58E0005A18F /* CenterViewController.swift in Sources */,
				73204E402EA092C20040FE1E /* AddressPickerView.swift in Sources */,
				73F71AAF2E9A1FB600BB6091 /* CenterListViewModel.swift in Sources */,
				7376564E2E9C9E990018258E /* CommonHeadView.swift in Sources */,
				732C1C8A2E98DBC20005A18F /* PhoneCodeView.swift in Sources */,
				739528ED2EA11B5700232DE6 /* UnieerLifeViewController.swift in Sources */,
				732C1C842E98CD8B0005A18F /* LoginView.swift in Sources */,
				73B1AD822E9D299B001590B8 /* ProductDetailViewController.swift in Sources */,
				73FD44242E9E26830075D082 /* FaceViewController.swift in Sources */,
				732C1C8C2E98EB460005A18F /* CustomTabBarController.swift in Sources */,
				73F71AA92E99F67100BB6091 /* SmallThreeCollectionViewCell.swift in Sources */,
				732CCE6A2EA61A78004C325D /* PopLeaveDownView.swift in Sources */,
				732C1C862E98CFAC0005A18F /* PhoneListView.swift in Sources */,
				73AF98582E97A73A006BFCCA /* Color.swift in Sources */,
				732C1C962E98FCDC0005A18F /* HomeView.swift in Sources */,
				73AF98392E979B4F006BFCCA /* AppDelegate.swift in Sources */,
				735159B62EA20C420007347F /* LocationManager.swift in Sources */,
				73204E452EA0BF630040FE1E /* CommonBpViewController.swift in Sources */,
				73FD44332E9E3E200075D082 /* BasicView.swift in Sources */,
				73FD44312E9E34160075D082 /* BasicViewController.swift in Sources */,
				737656522E9CC5870018258E /* DeleteAccountView.swift in Sources */,
				73204E422EA09CB70040FE1E /* PopSelectCityInfoView.swift in Sources */,
				73FD44202E9E03020075D082 /* CameraManager.swift in Sources */,
				73FD441C2E9DF0B60075D082 /* PersonalImageView.swift in Sources */,
				73AF985F2E97A8EF006BFCCA /* LoginViewModel.swift in Sources */,
				73FD441A2E9DF0A30075D082 /* PersonalImageViewController.swift in Sources */,
				73AF98612E97A9A8006BFCCA /* BaseModel.swift in Sources */,
				73204E4B2EA0CFCF0040FE1E /* CommonBpViewCell.swift in Sources */,
				73FD44352E9E3E290075D082 /* BasicViewModel.swift in Sources */,
				73204E492EA0C08F0040FE1E /* CommonBpView.swift in Sources */,
				73FD44222E9E15680075D082 /* PopPersonalInfoView.swift in Sources */,
				732C1C9A2E9904200005A18F /* SmallMainView.swift in Sources */,
				732C1C882E98D6180005A18F /* LanguageManager.swift in Sources */,
				737656502E9CABF80018258E /* LogOutView.swift in Sources */,
				73FD441E2E9DF0CB0075D082 /* PersonalImageViewModel.swift in Sources */,
				73204E512EA0F6DB0040FE1E /* ChangeYoungViewController.swift in Sources */,
				732C1C902E98F57B0005A18F /* OrderViewController.swift in Sources */,
				737656582E9CFBCE0018258E /* EmptyView.swift in Sources */,
				73E518C92EA237C800A7C478 /* ColsomeManager.swift in Sources */,
				7387D9982E9F3D3F005A5777 /* PopSelectInfoView.swift in Sources */,
				7387D99A2E9F4C53005A5777 /* PopSelectInfoViewCell.swift in Sources */,
				737656562E9CE42D0018258E /* OrderListViewCell.swift in Sources */,
				732FB1AA2EA3E9E00091D35F /* SmallInfo.swift in Sources */,
				73F71AA12E99E9E300BB6091 /* SmallTwoViewCell.swift in Sources */,
				73F71AAD2E9A1CD600BB6091 /* CenterListView.swift in Sources */,
			);
			runOnlyForDeploymentPostprocessing = 0;
		};
/* End PBXSourcesBuildPhase section */

/* Begin PBXVariantGroup section */
		73AF98332E979B4F006BFCCA /* LaunchScreen.storyboard */ = {
			isa = PBXVariantGroup;
			children = (
				73AF98322E979B4F006BFCCA /* Base */,
				73AF98472E97A38F006BFCCA /* id */,
			);
			name = LaunchScreen.storyboard;
			sourceTree = "<group>";
		};
		73AF984C2E97A4B1006BFCCA /* Localizable.strings */ = {
			isa = PBXVariantGroup;
			children = (
				73AF984D2E97A4B1006BFCCA /* en */,
				73AF984F2E97A538006BFCCA /* id */,
			);
			name = Localizable.strings;
			sourceTree = "<group>";
		};
/* End PBXVariantGroup section */

/* Begin XCBuildConfiguration section */
		73AF982B2E979B49006BFCCA /* Debug */ = {
			isa = XCBuildConfiguration;
			baseConfigurationReference = D506D2406C71CC1BED782247 /* Pods-DanaMandiri.debug.xcconfig */;
			buildSettings = {
				ASSETCATALOG_COMPILER_APPICON_NAME = AppIcon;
				ASSETCATALOG_COMPILER_GLOBAL_ACCENT_COLOR_NAME = AccentColor;
				CODE_SIGN_ENTITLEMENTS = DanaMandiri/DanaMandiri.entitlements;
				CODE_SIGN_IDENTITY = "Apple Development";
				CODE_SIGN_STYLE = Automatic;
				CURRENT_PROJECT_VERSION = 1;
				DEVELOPMENT_TEAM = XS8842FK7N;
				ENABLE_USER_SCRIPT_SANDBOXING = NO;
				GENERATE_INFOPLIST_FILE = YES;
				INFOPLIST_FILE = DanaMandiri/Info.plist;
				INFOPLIST_KEY_CFBundleDisplayName = "Dana Mandiri";
				INFOPLIST_KEY_NSCameraUsageDescription = "需要相机";
				INFOPLIST_KEY_NSContactsUsageDescription = "需要通讯录";
				INFOPLIST_KEY_NSLocationWhenInUseUsageDescription = "需要你的定位";
				INFOPLIST_KEY_NSUserTrackingUsageDescription = "想要idfa";
				INFOPLIST_KEY_UIApplicationSupportsIndirectInputEvents = YES;
				INFOPLIST_KEY_UILaunchStoryboardName = LaunchScreen;
				INFOPLIST_KEY_UISupportedInterfaceOrientations = UIInterfaceOrientationPortrait;
				INFOPLIST_KEY_UISupportedInterfaceOrientations_iPad = "UIInterfaceOrientationLandscapeLeft UIInterfaceOrientationLandscapeRight UIInterfaceOrientationPortrait UIInterfaceOrientationPortraitUpsideDown";
				INFOPLIST_KEY_UIUserInterfaceStyle = Light;
				IPHONEOS_DEPLOYMENT_TARGET = 14.0;
				LD_RUNPATH_SEARCH_PATHS = (
					"$(inherited)",
					"@executable_path/Frameworks",
				);
				MARKETING_VERSION = 1.0.0;
				PRODUCT_BUNDLE_IDENTIFIER = com.wentao.ald;
				PRODUCT_NAME = "$(TARGET_NAME)";
				PROVISIONING_PROFILE_SPECIFIER = "";
				STRING_CATALOG_GENERATE_SYMBOLS = YES;
				SUPPORTED_PLATFORMS = "iphoneos iphonesimulator";
				SUPPORTS_MACCATALYST = NO;
				SUPPORTS_MAC_DESIGNED_FOR_IPHONE_IPAD = NO;
				SUPPORTS_XR_DESIGNED_FOR_IPHONE_IPAD = NO;
				SWIFT_APPROACHABLE_CONCURRENCY = YES;
				SWIFT_DEFAULT_ACTOR_ISOLATION = MainActor;
				SWIFT_EMIT_LOC_STRINGS = YES;
				SWIFT_UPCOMING_FEATURE_MEMBER_IMPORT_VISIBILITY = YES;
				SWIFT_VERSION = 5.0;
				TARGETED_DEVICE_FAMILY = 1;
			};
			name = Debug;
		};
		73AF982C2E979B49006BFCCA /* Release */ = {
			isa = XCBuildConfiguration;
			baseConfigurationReference = 471AFA02D171BDEEB46A6C25 /* Pods-DanaMandiri.release.xcconfig */;
			buildSettings = {
				ASSETCATALOG_COMPILER_APPICON_NAME = AppIcon;
				ASSETCATALOG_COMPILER_GLOBAL_ACCENT_COLOR_NAME = AccentColor;
				CODE_SIGN_ENTITLEMENTS = DanaMandiri/DanaMandiri.entitlements;
				CODE_SIGN_IDENTITY = "Apple Development";
				CODE_SIGN_STYLE = Automatic;
				CURRENT_PROJECT_VERSION = 1;
				DEVELOPMENT_TEAM = XS8842FK7N;
				ENABLE_USER_SCRIPT_SANDBOXING = NO;
				GENERATE_INFOPLIST_FILE = YES;
				INFOPLIST_FILE = DanaMandiri/Info.plist;
				INFOPLIST_KEY_CFBundleDisplayName = "Dana Mandiri";
				INFOPLIST_KEY_NSCameraUsageDescription = "需要相机";
				INFOPLIST_KEY_NSContactsUsageDescription = "需要通讯录";
				INFOPLIST_KEY_NSLocationWhenInUseUsageDescription = "需要你的定位";
				INFOPLIST_KEY_NSUserTrackingUsageDescription = "想要idfa";
				INFOPLIST_KEY_UIApplicationSupportsIndirectInputEvents = YES;
				INFOPLIST_KEY_UILaunchStoryboardName = LaunchScreen;
				INFOPLIST_KEY_UISupportedInterfaceOrientations = UIInterfaceOrientationPortrait;
				INFOPLIST_KEY_UISupportedInterfaceOrientations_iPad = "UIInterfaceOrientationLandscapeLeft UIInterfaceOrientationLandscapeRight UIInterfaceOrientationPortrait UIInterfaceOrientationPortraitUpsideDown";
				INFOPLIST_KEY_UIUserInterfaceStyle = Light;
				IPHONEOS_DEPLOYMENT_TARGET = 14.0;
				LD_RUNPATH_SEARCH_PATHS = (
					"$(inherited)",
					"@executable_path/Frameworks",
				);
				MARKETING_VERSION = 1.0.0;
				PRODUCT_BUNDLE_IDENTIFIER = com.wentao.ald;
				PRODUCT_NAME = "$(TARGET_NAME)";
				PROVISIONING_PROFILE_SPECIFIER = "";
				STRING_CATALOG_GENERATE_SYMBOLS = YES;
				SUPPORTED_PLATFORMS = "iphoneos iphonesimulator";
				SUPPORTS_MACCATALYST = NO;
				SUPPORTS_MAC_DESIGNED_FOR_IPHONE_IPAD = NO;
				SUPPORTS_XR_DESIGNED_FOR_IPHONE_IPAD = NO;
				SWIFT_APPROACHABLE_CONCURRENCY = YES;
				SWIFT_DEFAULT_ACTOR_ISOLATION = MainActor;
				SWIFT_EMIT_LOC_STRINGS = YES;
				SWIFT_UPCOMING_FEATURE_MEMBER_IMPORT_VISIBILITY = YES;
				SWIFT_VERSION = 5.0;
				TARGETED_DEVICE_FAMILY = 1;
			};
			name = Release;
		};
		73AF982D2E979B49006BFCCA /* Debug */ = {
			isa = XCBuildConfiguration;
			buildSettings = {
				ALWAYS_SEARCH_USER_PATHS = NO;
				ASSETCATALOG_COMPILER_GENERATE_SWIFT_ASSET_SYMBOL_EXTENSIONS = YES;
				CLANG_ANALYZER_LOCALIZABILITY_NONLOCALIZED = YES;
				CLANG_ANALYZER_NONNULL = YES;
				CLANG_ANALYZER_NUMBER_OBJECT_CONVERSION = YES_AGGRESSIVE;
				CLANG_CXX_LANGUAGE_STANDARD = "gnu++20";
				CLANG_ENABLE_MODULES = YES;
				CLANG_ENABLE_OBJC_ARC = YES;
				CLANG_ENABLE_OBJC_WEAK = YES;
				CLANG_WARN_BLOCK_CAPTURE_AUTORELEASING = YES;
				CLANG_WARN_BOOL_CONVERSION = YES;
				CLANG_WARN_COMMA = YES;
				CLANG_WARN_CONSTANT_CONVERSION = YES;
				CLANG_WARN_DEPRECATED_OBJC_IMPLEMENTATIONS = YES;
				CLANG_WARN_DIRECT_OBJC_ISA_USAGE = YES_ERROR;
				CLANG_WARN_DOCUMENTATION_COMMENTS = YES;
				CLANG_WARN_EMPTY_BODY = YES;
				CLANG_WARN_ENUM_CONVERSION = YES;
				CLANG_WARN_INFINITE_RECURSION = YES;
				CLANG_WARN_INT_CONVERSION = YES;
				CLANG_WARN_NON_LITERAL_NULL_CONVERSION = YES;
				CLANG_WARN_OBJC_IMPLICIT_RETAIN_SELF = YES;
				CLANG_WARN_OBJC_LITERAL_CONVERSION = YES;
				CLANG_WARN_OBJC_ROOT_CLASS = YES_ERROR;
				CLANG_WARN_QUOTED_INCLUDE_IN_FRAMEWORK_HEADER = YES;
				CLANG_WARN_RANGE_LOOP_ANALYSIS = YES;
				CLANG_WARN_STRICT_PROTOTYPES = YES;
				CLANG_WARN_SUSPICIOUS_MOVE = YES;
				CLANG_WARN_UNGUARDED_AVAILABILITY = YES_AGGRESSIVE;
				CLANG_WARN_UNREACHABLE_CODE = YES;
				CLANG_WARN__DUPLICATE_METHOD_MATCH = YES;
				COPY_PHASE_STRIP = NO;
				DEBUG_INFORMATION_FORMAT = dwarf;
				ENABLE_STRICT_OBJC_MSGSEND = YES;
				ENABLE_TESTABILITY = YES;
				ENABLE_USER_SCRIPT_SANDBOXING = YES;
				GCC_C_LANGUAGE_STANDARD = gnu17;
				GCC_DYNAMIC_NO_PIC = NO;
				GCC_NO_COMMON_BLOCKS = YES;
				GCC_OPTIMIZATION_LEVEL = 0;
				GCC_PREPROCESSOR_DEFINITIONS = (
					"DEBUG=1",
					"$(inherited)",
				);
				GCC_WARN_64_TO_32_BIT_CONVERSION = YES;
				GCC_WARN_ABOUT_RETURN_TYPE = YES_ERROR;
				GCC_WARN_UNDECLARED_SELECTOR = YES;
				GCC_WARN_UNINITIALIZED_AUTOS = YES_AGGRESSIVE;
				GCC_WARN_UNUSED_FUNCTION = YES;
				GCC_WARN_UNUSED_VARIABLE = YES;
				IPHONEOS_DEPLOYMENT_TARGET = 26.0;
				LOCALIZATION_PREFERS_STRING_CATALOGS = YES;
				MTL_ENABLE_DEBUG_INFO = INCLUDE_SOURCE;
				MTL_FAST_MATH = YES;
				ONLY_ACTIVE_ARCH = YES;
				SDKROOT = iphoneos;
				SWIFT_ACTIVE_COMPILATION_CONDITIONS = "DEBUG $(inherited)";
				SWIFT_OPTIMIZATION_LEVEL = "-Onone";
			};
			name = Debug;
		};
		73AF982E2E979B49006BFCCA /* Release */ = {
			isa = XCBuildConfiguration;
			buildSettings = {
				ALWAYS_SEARCH_USER_PATHS = NO;
				ASSETCATALOG_COMPILER_GENERATE_SWIFT_ASSET_SYMBOL_EXTENSIONS = YES;
				CLANG_ANALYZER_LOCALIZABILITY_NONLOCALIZED = YES;
				CLANG_ANALYZER_NONNULL = YES;
				CLANG_ANALYZER_NUMBER_OBJECT_CONVERSION = YES_AGGRESSIVE;
				CLANG_CXX_LANGUAGE_STANDARD = "gnu++20";
				CLANG_ENABLE_MODULES = YES;
				CLANG_ENABLE_OBJC_ARC = YES;
				CLANG_ENABLE_OBJC_WEAK = YES;
				CLANG_WARN_BLOCK_CAPTURE_AUTORELEASING = YES;
				CLANG_WARN_BOOL_CONVERSION = YES;
				CLANG_WARN_COMMA = YES;
				CLANG_WARN_CONSTANT_CONVERSION = YES;
				CLANG_WARN_DEPRECATED_OBJC_IMPLEMENTATIONS = YES;
				CLANG_WARN_DIRECT_OBJC_ISA_USAGE = YES_ERROR;
				CLANG_WARN_DOCUMENTATION_COMMENTS = YES;
				CLANG_WARN_EMPTY_BODY = YES;
				CLANG_WARN_ENUM_CONVERSION = YES;
				CLANG_WARN_INFINITE_RECURSION = YES;
				CLANG_WARN_INT_CONVERSION = YES;
				CLANG_WARN_NON_LITERAL_NULL_CONVERSION = YES;
				CLANG_WARN_OBJC_IMPLICIT_RETAIN_SELF = YES;
				CLANG_WARN_OBJC_LITERAL_CONVERSION = YES;
				CLANG_WARN_OBJC_ROOT_CLASS = YES_ERROR;
				CLANG_WARN_QUOTED_INCLUDE_IN_FRAMEWORK_HEADER = YES;
				CLANG_WARN_RANGE_LOOP_ANALYSIS = YES;
				CLANG_WARN_STRICT_PROTOTYPES = YES;
				CLANG_WARN_SUSPICIOUS_MOVE = YES;
				CLANG_WARN_UNGUARDED_AVAILABILITY = YES_AGGRESSIVE;
				CLANG_WARN_UNREACHABLE_CODE = YES;
				CLANG_WARN__DUPLICATE_METHOD_MATCH = YES;
				COPY_PHASE_STRIP = NO;
				DEBUG_INFORMATION_FORMAT = "dwarf-with-dsym";
				ENABLE_NS_ASSERTIONS = NO;
				ENABLE_STRICT_OBJC_MSGSEND = YES;
				ENABLE_USER_SCRIPT_SANDBOXING = YES;
				GCC_C_LANGUAGE_STANDARD = gnu17;
				GCC_NO_COMMON_BLOCKS = YES;
				GCC_WARN_64_TO_32_BIT_CONVERSION = YES;
				GCC_WARN_ABOUT_RETURN_TYPE = YES_ERROR;
				GCC_WARN_UNDECLARED_SELECTOR = YES;
				GCC_WARN_UNINITIALIZED_AUTOS = YES_AGGRESSIVE;
				GCC_WARN_UNUSED_FUNCTION = YES;
				GCC_WARN_UNUSED_VARIABLE = YES;
				IPHONEOS_DEPLOYMENT_TARGET = 26.0;
				LOCALIZATION_PREFERS_STRING_CATALOGS = YES;
				MTL_ENABLE_DEBUG_INFO = NO;
				MTL_FAST_MATH = YES;
				SDKROOT = iphoneos;
				SWIFT_COMPILATION_MODE = wholemodule;
				VALIDATE_PRODUCT = YES;
			};
			name = Release;
		};
/* End XCBuildConfiguration section */

/* Begin XCConfigurationList section */
		73AF98122E979B47006BFCCA /* Build configuration list for PBXProject "DanaMandiri" */ = {
			isa = XCConfigurationList;
			buildConfigurations = (
				73AF982D2E979B49006BFCCA /* Debug */,
				73AF982E2E979B49006BFCCA /* Release */,
			);
			defaultConfigurationIsVisible = 0;
			defaultConfigurationName = Release;
		};
		73AF982A2E979B49006BFCCA /* Build configuration list for PBXNativeTarget "DanaMandiri" */ = {
			isa = XCConfigurationList;
			buildConfigurations = (
				73AF982B2E979B49006BFCCA /* Debug */,
				73AF982C2E979B49006BFCCA /* Release */,
			);
			defaultConfigurationIsVisible = 0;
			defaultConfigurationName = Release;
		};
/* End XCConfigurationList section */
	};
	rootObject = 73AF980F2E979B47006BFCCA /* Project object */;
}
